// !$*UTF8*$!
{
	archiveVersion = 1;
	classes = {
	};
	objectVersion = 56;
	objects = {

/* Begin PBXBuildFile section */
		790F981C2C18ECE600341502 /* NewsItem.swift in Sources */ = {isa = PBXBuildFile; fileRef = 790F981B2C18ECE600341502 /* NewsItem.swift */; };
		790F981E2C191CB600341502 /* Patron.swift in Sources */ = {isa = PBXBuildFile; fileRef = 790F981D2C191CB600341502 /* Patron.swift */; };
		790F98222C1925EF00341502 /* ChatRoom.swift in Sources */ = {isa = PBXBuildFile; fileRef = 790F98212C1925EF00341502 /* ChatRoom.swift */; };
		790F98242C1932E200341502 /* Auth in Frameworks */ = {isa = PBXBuildFile; productRef = 790F98232C1932E200341502 /* Auth */; };
		790F98262C1932E200341502 /* Functions in Frameworks */ = {isa = PBXBuildFile; productRef = 790F98252C1932E200341502 /* Functions */; };
		790F98282C1932E200341502 /* PostgREST in Frameworks */ = {isa = PBXBuildFile; productRef = 790F98272C1932E200341502 /* PostgREST */; };
		790F982A2C1932E200341502 /* Realtime in Frameworks */ = {isa = PBXBuildFile; productRef = 790F98292C1932E200341502 /* Realtime */; };
		790F982C2C1932E200341502 /* Storage in Frameworks */ = {isa = PBXBuildFile; productRef = 790F982B2C1932E200341502 /* Storage */; };
		790F982E2C1932E200341502 /* Supabase in Frameworks */ = {isa = PBXBuildFile; productRef = 790F982D2C1932E200341502 /* Supabase */; };
		7935B8872C19338F00181CA9 /* Auth in Frameworks */ = {isa = PBXBuildFile; productRef = 7935B8862C19338F00181CA9 /* Auth */; };
		7935B8892C19338F00181CA9 /* Functions in Frameworks */ = {isa = PBXBuildFile; productRef = 7935B8882C19338F00181CA9 /* Functions */; };
		7935B88B2C19338F00181CA9 /* PostgREST in Frameworks */ = {isa = PBXBuildFile; productRef = 7935B88A2C19338F00181CA9 /* PostgREST */; };
		7935B88D2C19338F00181CA9 /* Realtime in Frameworks */ = {isa = PBXBuildFile; productRef = 7935B88C2C19338F00181CA9 /* Realtime */; };
		7935B88F2C19338F00181CA9 /* Storage in Frameworks */ = {isa = PBXBuildFile; productRef = 7935B88E2C19338F00181CA9 /* Storage */; };
		7935B8912C19338F00181CA9 /* Supabase in Frameworks */ = {isa = PBXBuildFile; productRef = 7935B8902C19338F00181CA9 /* Supabase */; };
		794DEE3D2C13890800B3B089 /* SupabaseHelper.swift in Sources */ = {isa = PBXBuildFile; fileRef = 794DEE3C2C13890800B3B089 /* SupabaseHelper.swift */; };
		794DEE602C138C9C00B3B089 /* Auth in Frameworks */ = {isa = PBXBuildFile; productRef = 794DEE5F2C138C9C00B3B089 /* Auth */; };
		794DEE622C138C9C00B3B089 /* Functions in Frameworks */ = {isa = PBXBuildFile; productRef = 794DEE612C138C9C00B3B089 /* Functions */; };
		794DEE642C138C9C00B3B089 /* PostgREST in Frameworks */ = {isa = PBXBuildFile; productRef = 794DEE632C138C9C00B3B089 /* PostgREST */; };
		794DEE662C138C9C00B3B089 /* Realtime in Frameworks */ = {isa = PBXBuildFile; productRef = 794DEE652C138C9C00B3B089 /* Realtime */; };
		794DEE682C138C9C00B3B089 /* Storage in Frameworks */ = {isa = PBXBuildFile; productRef = 794DEE672C138C9C00B3B089 /* Storage */; };
		794DEE6A2C138C9C00B3B089 /* Supabase in Frameworks */ = {isa = PBXBuildFile; productRef = 794DEE692C138C9C00B3B089 /* Supabase */; };
		794DEE6C2C138EAB00B3B089 /* LoginView.swift in Sources */ = {isa = PBXBuildFile; fileRef = 794DEE6B2C138EAB00B3B089 /* LoginView.swift */; };
		7994BC282C0608E600953E4D /* PopUpView.swift in Sources */ = {isa = PBXBuildFile; fileRef = 7994BC272C0608E600953E4D /* PopUpView.swift */; };
		79AD95202C127BFE00328C5C /* ActivitiesViewModel.swift in Sources */ = {isa = PBXBuildFile; fileRef = 79AD951F2C127BFE00328C5C /* ActivitiesViewModel.swift */; };
		79AD95222C127F9B00328C5C /* TimerView.swift in Sources */ = {isa = PBXBuildFile; fileRef = 79AD95212C127F9B00328C5C /* TimerView.swift */; };
		79AD95242C127FB800328C5C /* TimerViewModel.swift in Sources */ = {isa = PBXBuildFile; fileRef = 79AD95232C127FB800328C5C /* TimerViewModel.swift */; };
		79AD95262C1284B700328C5C /* TimerWindowView.swift in Sources */ = {isa = PBXBuildFile; fileRef = 79AD95252C1284B700328C5C /* TimerWindowView.swift */; };
		79D520B22C0114B1000FFAB5 /* TodoList.swift in Sources */ = {isa = PBXBuildFile; fileRef = 79D520B12C0114B1000FFAB5 /* TodoList.swift */; };
		79D520BB2C011E22000FFAB5 /* SharedAlbum.swift in Sources */ = {isa = PBXBuildFile; fileRef = 79D520BA2C011E22000FFAB5 /* SharedAlbum.swift */; };
		79D520BD2C012058000FFAB5 /* Activities.swift in Sources */ = {isa = PBXBuildFile; fileRef = 79D520BC2C012058000FFAB5 /* Activities.swift */; };
		79D520C62C0231DA000FFAB5 /* MessageBubbleView.swift in Sources */ = {isa = PBXBuildFile; fileRef = 79D520C52C0231DA000FFAB5 /* MessageBubbleView.swift */; };
		79D520CA2C023358000FFAB5 /* Message.swift in Sources */ = {isa = PBXBuildFile; fileRef = 79D520C92C023358000FFAB5 /* Message.swift */; };
		79D520CC2C0233AC000FFAB5 /* MessageViewModel.swift in Sources */ = {isa = PBXBuildFile; fileRef = 79D520CB2C0233AC000FFAB5 /* MessageViewModel.swift */; };
		79D520CE2C0233D6000FFAB5 /* MessageView.swift in Sources */ = {isa = PBXBuildFile; fileRef = 79D520CD2C0233D6000FFAB5 /* MessageView.swift */; };
		79DF76BD2C0A527F00A5447B /* IntroView.swift in Sources */ = {isa = PBXBuildFile; fileRef = 79DF76BC2C0A527F00A5447B /* IntroView.swift */; };
		79DF76C22C0A535400A5447B /* IntroItem1.swift in Sources */ = {isa = PBXBuildFile; fileRef = 79DF76C12C0A535400A5447B /* IntroItem1.swift */; };
		79DF76C42C0A5AC600A5447B /* IntroItem2.swift in Sources */ = {isa = PBXBuildFile; fileRef = 79DF76C32C0A5AC600A5447B /* IntroItem2.swift */; };
		79DF76C62C0A5C3A00A5447B /* IntroItem3.swift in Sources */ = {isa = PBXBuildFile; fileRef = 79DF76C52C0A5C3A00A5447B /* IntroItem3.swift */; };
		79F7B9C52C120D3000641B68 /* StartView.swift in Sources */ = {isa = PBXBuildFile; fileRef = 79F7B9C42C120D3000641B68 /* StartView.swift */; };
		79F7B9C72C12118200641B68 /* OpeningView.swift in Sources */ = {isa = PBXBuildFile; fileRef = 79F7B9C62C12118200641B68 /* OpeningView.swift */; };
		79F7B9C92C12149800641B68 /* TransitionView.swift in Sources */ = {isa = PBXBuildFile; fileRef = 79F7B9C82C12149800641B68 /* TransitionView.swift */; };
		79F7D6732C0101E6003EB6BC /* BonDApp.swift in Sources */ = {isa = PBXBuildFile; fileRef = 79F7D6722C0101E6003EB6BC /* BonDApp.swift */; };
		79F7D6772C0101E7003EB6BC /* Assets.xcassets in Resources */ = {isa = PBXBuildFile; fileRef = 79F7D6762C0101E7003EB6BC /* Assets.xcassets */; };
		79F7D67A2C0101E7003EB6BC /* Preview Assets.xcassets in Resources */ = {isa = PBXBuildFile; fileRef = 79F7D6792C0101E7003EB6BC /* Preview Assets.xcassets */; };
		79F7D6862C010302003EB6BC /* LandingView.swift in Sources */ = {isa = PBXBuildFile; fileRef = 79F7D6852C010302003EB6BC /* LandingView.swift */; };
		79FC8B482C076C4A0061CAC3 /* PhotoPickerViewModel.swift in Sources */ = {isa = PBXBuildFile; fileRef = 79FC8B472C076C4A0061CAC3 /* PhotoPickerViewModel.swift */; };
		79FC8B4C2C076CB60061CAC3 /* PhotoPicker.swift in Sources */ = {isa = PBXBuildFile; fileRef = 79FC8B4B2C076CB60061CAC3 /* PhotoPicker.swift */; };
/* End PBXBuildFile section */

/* Begin PBXFileReference section */
		790F981B2C18ECE600341502 /* NewsItem.swift */ = {isa = PBXFileReference; lastKnownFileType = sourcecode.swift; path = NewsItem.swift; sourceTree = "<group>"; };
		790F981D2C191CB600341502 /* Patron.swift */ = {isa = PBXFileReference; lastKnownFileType = sourcecode.swift; path = Patron.swift; sourceTree = "<group>"; };
		790F98212C1925EF00341502 /* ChatRoom.swift */ = {isa = PBXFileReference; lastKnownFileType = sourcecode.swift; path = ChatRoom.swift; sourceTree = "<group>"; };
		794DEE3C2C13890800B3B089 /* SupabaseHelper.swift */ = {isa = PBXFileReference; lastKnownFileType = sourcecode.swift; path = SupabaseHelper.swift; sourceTree = "<group>"; };
		794DEE6B2C138EAB00B3B089 /* LoginView.swift */ = {isa = PBXFileReference; lastKnownFileType = sourcecode.swift; path = LoginView.swift; sourceTree = "<group>"; };
		7994BC272C0608E600953E4D /* PopUpView.swift */ = {isa = PBXFileReference; lastKnownFileType = sourcecode.swift; path = PopUpView.swift; sourceTree = "<group>"; };
		79AD951F2C127BFE00328C5C /* ActivitiesViewModel.swift */ = {isa = PBXFileReference; lastKnownFileType = sourcecode.swift; path = ActivitiesViewModel.swift; sourceTree = "<group>"; };
		79AD95212C127F9B00328C5C /* TimerView.swift */ = {isa = PBXFileReference; lastKnownFileType = sourcecode.swift; path = TimerView.swift; sourceTree = "<group>"; };
		79AD95232C127FB800328C5C /* TimerViewModel.swift */ = {isa = PBXFileReference; lastKnownFileType = sourcecode.swift; path = TimerViewModel.swift; sourceTree = "<group>"; };
		79AD95252C1284B700328C5C /* TimerWindowView.swift */ = {isa = PBXFileReference; lastKnownFileType = sourcecode.swift; path = TimerWindowView.swift; sourceTree = "<group>"; };
		79D520B12C0114B1000FFAB5 /* TodoList.swift */ = {isa = PBXFileReference; lastKnownFileType = sourcecode.swift; path = TodoList.swift; sourceTree = "<group>"; };
		79D520BA2C011E22000FFAB5 /* SharedAlbum.swift */ = {isa = PBXFileReference; lastKnownFileType = sourcecode.swift; path = SharedAlbum.swift; sourceTree = "<group>"; };
		79D520BC2C012058000FFAB5 /* Activities.swift */ = {isa = PBXFileReference; lastKnownFileType = sourcecode.swift; path = Activities.swift; sourceTree = "<group>"; };
		79D520C52C0231DA000FFAB5 /* MessageBubbleView.swift */ = {isa = PBXFileReference; lastKnownFileType = sourcecode.swift; path = MessageBubbleView.swift; sourceTree = "<group>"; };
		79D520C92C023358000FFAB5 /* Message.swift */ = {isa = PBXFileReference; lastKnownFileType = sourcecode.swift; path = Message.swift; sourceTree = "<group>"; };
		79D520CB2C0233AC000FFAB5 /* MessageViewModel.swift */ = {isa = PBXFileReference; lastKnownFileType = sourcecode.swift; path = MessageViewModel.swift; sourceTree = "<group>"; };
		79D520CD2C0233D6000FFAB5 /* MessageView.swift */ = {isa = PBXFileReference; lastKnownFileType = sourcecode.swift; path = MessageView.swift; sourceTree = "<group>"; };
		79DF76BC2C0A527F00A5447B /* IntroView.swift */ = {isa = PBXFileReference; lastKnownFileType = sourcecode.swift; path = IntroView.swift; sourceTree = "<group>"; };
		79DF76C12C0A535400A5447B /* IntroItem1.swift */ = {isa = PBXFileReference; lastKnownFileType = sourcecode.swift; path = IntroItem1.swift; sourceTree = "<group>"; };
		79DF76C32C0A5AC600A5447B /* IntroItem2.swift */ = {isa = PBXFileReference; lastKnownFileType = sourcecode.swift; path = IntroItem2.swift; sourceTree = "<group>"; };
		79DF76C52C0A5C3A00A5447B /* IntroItem3.swift */ = {isa = PBXFileReference; lastKnownFileType = sourcecode.swift; path = IntroItem3.swift; sourceTree = "<group>"; };
		79F7B9C42C120D3000641B68 /* StartView.swift */ = {isa = PBXFileReference; lastKnownFileType = sourcecode.swift; path = StartView.swift; sourceTree = "<group>"; };
		79F7B9C62C12118200641B68 /* OpeningView.swift */ = {isa = PBXFileReference; lastKnownFileType = sourcecode.swift; path = OpeningView.swift; sourceTree = "<group>"; };
		79F7B9C82C12149800641B68 /* TransitionView.swift */ = {isa = PBXFileReference; lastKnownFileType = sourcecode.swift; path = TransitionView.swift; sourceTree = "<group>"; };
		79F7D66F2C0101E6003EB6BC /* BonD.app */ = {isa = PBXFileReference; explicitFileType = wrapper.application; includeInIndex = 0; path = BonD.app; sourceTree = BUILT_PRODUCTS_DIR; };
		79F7D6722C0101E6003EB6BC /* BonDApp.swift */ = {isa = PBXFileReference; lastKnownFileType = sourcecode.swift; path = BonDApp.swift; sourceTree = "<group>"; };
		79F7D6762C0101E7003EB6BC /* Assets.xcassets */ = {isa = PBXFileReference; lastKnownFileType = folder.assetcatalog; path = Assets.xcassets; sourceTree = "<group>"; };
		79F7D6792C0101E7003EB6BC /* Preview Assets.xcassets */ = {isa = PBXFileReference; lastKnownFileType = folder.assetcatalog; path = "Preview Assets.xcassets"; sourceTree = "<group>"; };
		79F7D6852C010302003EB6BC /* LandingView.swift */ = {isa = PBXFileReference; lastKnownFileType = sourcecode.swift; path = LandingView.swift; sourceTree = "<group>"; };
		79FC8B472C076C4A0061CAC3 /* PhotoPickerViewModel.swift */ = {isa = PBXFileReference; lastKnownFileType = sourcecode.swift; name = PhotoPickerViewModel.swift; path = BonD/ViewModel/PhotoPickerViewModel.swift; sourceTree = SOURCE_ROOT; };
		79FC8B4B2C076CB60061CAC3 /* PhotoPicker.swift */ = {isa = PBXFileReference; lastKnownFileType = sourcecode.swift; path = PhotoPicker.swift; sourceTree = "<group>"; };
/* End PBXFileReference section */

/* Begin PBXFrameworksBuildPhase section */
		79F7D66C2C0101E6003EB6BC /* Frameworks */ = {
			isa = PBXFrameworksBuildPhase;
			buildActionMask = 2147483647;
			files = (
				794DEE642C138C9C00B3B089 /* PostgREST in Frameworks */,
				794DEE622C138C9C00B3B089 /* Functions in Frameworks */,
				790F982C2C1932E200341502 /* Storage in Frameworks */,
				790F98262C1932E200341502 /* Functions in Frameworks */,
				7935B8892C19338F00181CA9 /* Functions in Frameworks */,
				790F982A2C1932E200341502 /* Realtime in Frameworks */,
				7935B88F2C19338F00181CA9 /* Storage in Frameworks */,
				790F98282C1932E200341502 /* PostgREST in Frameworks */,
				794DEE6A2C138C9C00B3B089 /* Supabase in Frameworks */,
				7935B8872C19338F00181CA9 /* Auth in Frameworks */,
				7935B88B2C19338F00181CA9 /* PostgREST in Frameworks */,
				790F98242C1932E200341502 /* Auth in Frameworks */,
				7935B88D2C19338F00181CA9 /* Realtime in Frameworks */,
				790F982E2C1932E200341502 /* Supabase in Frameworks */,
				7935B8912C19338F00181CA9 /* Supabase in Frameworks */,
				794DEE602C138C9C00B3B089 /* Auth in Frameworks */,
				794DEE682C138C9C00B3B089 /* Storage in Frameworks */,
				794DEE662C138C9C00B3B089 /* Realtime in Frameworks */,
			);
			runOnlyForDeploymentPostprocessing = 0;
		};
/* End PBXFrameworksBuildPhase section */

/* Begin PBXGroup section */
		79D520C22C023173000FFAB5 /* Message */ = {
			isa = PBXGroup;
			children = (
				79D520C52C0231DA000FFAB5 /* MessageBubbleView.swift */,
				79D520CD2C0233D6000FFAB5 /* MessageView.swift */,
			);
			path = Message;
			sourceTree = "<group>";
		};
		79DF76C02C0A531F00A5447B /* IntroItemView */ = {
			isa = PBXGroup;
			children = (
				79DF76C12C0A535400A5447B /* IntroItem1.swift */,
				79DF76C32C0A5AC600A5447B /* IntroItem2.swift */,
				79DF76C52C0A5C3A00A5447B /* IntroItem3.swift */,
			);
			path = IntroItemView;
			sourceTree = "<group>";
		};
		79F7D6662C0101E6003EB6BC = {
			isa = PBXGroup;
			children = (
				79F7D6712C0101E6003EB6BC /* BonD */,
				79F7D6702C0101E6003EB6BC /* Products */,
			);
			sourceTree = "<group>";
		};
		79F7D6702C0101E6003EB6BC /* Products */ = {
			isa = PBXGroup;
			children = (
				79F7D66F2C0101E6003EB6BC /* BonD.app */,
			);
			name = Products;
			sourceTree = "<group>";
		};
		79F7D6712C0101E6003EB6BC /* BonD */ = {
			isa = PBXGroup;
			children = (
				79F7D6722C0101E6003EB6BC /* BonDApp.swift */,
				79F7D6802C01025D003EB6BC /* Helper */,
				79F7D6832C0102A6003EB6BC /* Views */,
				79F7D6822C010283003EB6BC /* Model */,
				79F7D6842C0102BF003EB6BC /* ViewModel */,
				79F7D6782C0101E7003EB6BC /* Preview Content */,
			);
			path = BonD;
			sourceTree = "<group>";
		};
		79F7D6782C0101E7003EB6BC /* Preview Content */ = {
			isa = PBXGroup;
			children = (
				79F7D6792C0101E7003EB6BC /* Preview Assets.xcassets */,
			);
			path = "Preview Content";
			sourceTree = "<group>";
		};
		79F7D6802C01025D003EB6BC /* Helper */ = {
			isa = PBXGroup;
			children = (
				794DEE3C2C13890800B3B089 /* SupabaseHelper.swift */,
			);
			path = Helper;
			sourceTree = "<group>";
		};
		79F7D6822C010283003EB6BC /* Model */ = {
			isa = PBXGroup;
			children = (
				79D520C92C023358000FFAB5 /* Message.swift */,
				79FC8B4B2C076CB60061CAC3 /* PhotoPicker.swift */,
				790F981B2C18ECE600341502 /* NewsItem.swift */,
				790F981D2C191CB600341502 /* Patron.swift */,
				790F98212C1925EF00341502 /* ChatRoom.swift */,
			);
			path = Model;
			sourceTree = "<group>";
		};
		79F7D6832C0102A6003EB6BC /* Views */ = {
			isa = PBXGroup;
			children = (
				794DEE6B2C138EAB00B3B089 /* LoginView.swift */,
				79F7B9C62C12118200641B68 /* OpeningView.swift */,
				79F7B9C42C120D3000641B68 /* StartView.swift */,
				79F7B9C82C12149800641B68 /* TransitionView.swift */,
				79DF76BC2C0A527F00A5447B /* IntroView.swift */,
				79F7D6852C010302003EB6BC /* LandingView.swift */,
				79D520B12C0114B1000FFAB5 /* TodoList.swift */,
				79D520BC2C012058000FFAB5 /* Activities.swift */,
				7994BC272C0608E600953E4D /* PopUpView.swift */,
				79AD95212C127F9B00328C5C /* TimerView.swift */,
				79AD95252C1284B700328C5C /* TimerWindowView.swift */,
				79FC8B4D2C0773570061CAC3 /* Album */,
				79D520C22C023173000FFAB5 /* Message */,
				79DF76C02C0A531F00A5447B /* IntroItemView */,
			);
			path = Views;
			sourceTree = "<group>";
		};
		79F7D6842C0102BF003EB6BC /* ViewModel */ = {
			isa = PBXGroup;
			children = (
				79F7D6762C0101E7003EB6BC /* Assets.xcassets */,
				79D520CB2C0233AC000FFAB5 /* MessageViewModel.swift */,
				79AD95232C127FB800328C5C /* TimerViewModel.swift */,
				79FC8B472C076C4A0061CAC3 /* PhotoPickerViewModel.swift */,
				79AD951F2C127BFE00328C5C /* ActivitiesViewModel.swift */,
			);
			path = ViewModel;
			sourceTree = "<group>";
		};
		79FC8B4D2C0773570061CAC3 /* Album */ = {
			isa = PBXGroup;
			children = (
				79D520BA2C011E22000FFAB5 /* SharedAlbum.swift */,
			);
			path = Album;
			sourceTree = "<group>";
		};
/* End PBXGroup section */

/* Begin PBXNativeTarget section */
		79F7D66E2C0101E6003EB6BC /* BonD */ = {
			isa = PBXNativeTarget;
			buildConfigurationList = 79F7D67D2C0101E7003EB6BC /* Build configuration list for PBXNativeTarget "BonD" */;
			buildPhases = (
				79F7D66B2C0101E6003EB6BC /* Sources */,
				79F7D66C2C0101E6003EB6BC /* Frameworks */,
				79F7D66D2C0101E6003EB6BC /* Resources */,
			);
			buildRules = (
			);
			dependencies = (
			);
			name = BonD;
			packageProductDependencies = (
				794DEE5F2C138C9C00B3B089 /* Auth */,
				794DEE612C138C9C00B3B089 /* Functions */,
				794DEE632C138C9C00B3B089 /* PostgREST */,
				794DEE652C138C9C00B3B089 /* Realtime */,
				794DEE672C138C9C00B3B089 /* Storage */,
				794DEE692C138C9C00B3B089 /* Supabase */,
				790F98232C1932E200341502 /* Auth */,
				790F98252C1932E200341502 /* Functions */,
				790F98272C1932E200341502 /* PostgREST */,
				790F98292C1932E200341502 /* Realtime */,
				790F982B2C1932E200341502 /* Storage */,
				790F982D2C1932E200341502 /* Supabase */,
				7935B8862C19338F00181CA9 /* Auth */,
				7935B8882C19338F00181CA9 /* Functions */,
				7935B88A2C19338F00181CA9 /* PostgREST */,
				7935B88C2C19338F00181CA9 /* Realtime */,
				7935B88E2C19338F00181CA9 /* Storage */,
				7935B8902C19338F00181CA9 /* Supabase */,
			);
			productName = BonD;
			productReference = 79F7D66F2C0101E6003EB6BC /* BonD.app */;
			productType = "com.apple.product-type.application";
		};
/* End PBXNativeTarget section */

/* Begin PBXProject section */
		79F7D6672C0101E6003EB6BC /* Project object */ = {
			isa = PBXProject;
			attributes = {
				BuildIndependentTargetsInParallel = 1;
				LastSwiftUpdateCheck = 1520;
				LastUpgradeCheck = 1520;
				TargetAttributes = {
					79F7D66E2C0101E6003EB6BC = {
						CreatedOnToolsVersion = 15.2;
					};
				};
			};
			buildConfigurationList = 79F7D66A2C0101E6003EB6BC /* Build configuration list for PBXProject "BonD" */;
			compatibilityVersion = "Xcode 14.0";
			developmentRegion = en;
			hasScannedForEncodings = 0;
			knownRegions = (
				en,
				Base,
			);
			mainGroup = 79F7D6662C0101E6003EB6BC;
			packageReferences = (
				794DEE5E2C138C9C00B3B089 /* XCRemoteSwiftPackageReference "supabase-swift" */,
			);
			productRefGroup = 79F7D6702C0101E6003EB6BC /* Products */;
			projectDirPath = "";
			projectRoot = "";
			targets = (
				79F7D66E2C0101E6003EB6BC /* BonD */,
			);
		};
/* End PBXProject section */

/* Begin PBXResourcesBuildPhase section */
		79F7D66D2C0101E6003EB6BC /* Resources */ = {
			isa = PBXResourcesBuildPhase;
			buildActionMask = 2147483647;
			files = (
				79F7D67A2C0101E7003EB6BC /* Preview Assets.xcassets in Resources */,
				79F7D6772C0101E7003EB6BC /* Assets.xcassets in Resources */,
			);
			runOnlyForDeploymentPostprocessing = 0;
		};
/* End PBXResourcesBuildPhase section */

/* Begin PBXSourcesBuildPhase section */
		79F7D66B2C0101E6003EB6BC /* Sources */ = {
			isa = PBXSourcesBuildPhase;
			buildActionMask = 2147483647;
			files = (
				79AD95222C127F9B00328C5C /* TimerView.swift in Sources */,
				79F7B9C52C120D3000641B68 /* StartView.swift in Sources */,
				79D520CC2C0233AC000FFAB5 /* MessageViewModel.swift in Sources */,
				790F981C2C18ECE600341502 /* NewsItem.swift in Sources */,
				794DEE3D2C13890800B3B089 /* SupabaseHelper.swift in Sources */,
				79DF76C22C0A535400A5447B /* IntroItem1.swift in Sources */,
				79F7D6862C010302003EB6BC /* LandingView.swift in Sources */,
				79DF76C42C0A5AC600A5447B /* IntroItem2.swift in Sources */,
				79FC8B482C076C4A0061CAC3 /* PhotoPickerViewModel.swift in Sources */,
				79D520BD2C012058000FFAB5 /* Activities.swift in Sources */,
				79AD95242C127FB800328C5C /* TimerViewModel.swift in Sources */,
				79DF76BD2C0A527F00A5447B /* IntroView.swift in Sources */,
				79D520CE2C0233D6000FFAB5 /* MessageView.swift in Sources */,
				79AD95202C127BFE00328C5C /* ActivitiesViewModel.swift in Sources */,
				790F981E2C191CB600341502 /* Patron.swift in Sources */,
				794DEE6C2C138EAB00B3B089 /* LoginView.swift in Sources */,
				79D520CA2C023358000FFAB5 /* Message.swift in Sources */,
				79DF76C62C0A5C3A00A5447B /* IntroItem3.swift in Sources */,
				7994BC282C0608E600953E4D /* PopUpView.swift in Sources */,
				79AD95262C1284B700328C5C /* TimerWindowView.swift in Sources */,
				79F7D6732C0101E6003EB6BC /* BonDApp.swift in Sources */,
				79D520B22C0114B1000FFAB5 /* TodoList.swift in Sources */,
				79FC8B4C2C076CB60061CAC3 /* PhotoPicker.swift in Sources */,
				79D520C62C0231DA000FFAB5 /* MessageBubbleView.swift in Sources */,
				79D520BB2C011E22000FFAB5 /* SharedAlbum.swift in Sources */,
				79F7B9C72C12118200641B68 /* OpeningView.swift in Sources */,
				790F98222C1925EF00341502 /* ChatRoom.swift in Sources */,
				79F7B9C92C12149800641B68 /* TransitionView.swift in Sources */,
			);
			runOnlyForDeploymentPostprocessing = 0;
		};
/* End PBXSourcesBuildPhase section */

/* Begin XCBuildConfiguration section */
		79F7D67B2C0101E7003EB6BC /* Debug */ = {
			isa = XCBuildConfiguration;
			buildSettings = {
				ALWAYS_SEARCH_USER_PATHS = NO;
				ASSETCATALOG_COMPILER_GENERATE_SWIFT_ASSET_SYMBOL_EXTENSIONS = YES;
				CLANG_ANALYZER_NONNULL = YES;
				CLANG_ANALYZER_NUMBER_OBJECT_CONVERSION = YES_AGGRESSIVE;
				CLANG_CXX_LANGUAGE_STANDARD = "gnu++20";
				CLANG_ENABLE_MODULES = YES;
				CLANG_ENABLE_OBJC_ARC = YES;
				CLANG_ENABLE_OBJC_WEAK = YES;
				CLANG_WARN_BLOCK_CAPTURE_AUTORELEASING = YES;
				CLANG_WARN_BOOL_CONVERSION = YES;
				CLANG_WARN_COMMA = YES;
				CLANG_WARN_CONSTANT_CONVERSION = YES;
				CLANG_WARN_DEPRECATED_OBJC_IMPLEMENTATIONS = YES;
				CLANG_WARN_DIRECT_OBJC_ISA_USAGE = YES_ERROR;
				CLANG_WARN_DOCUMENTATION_COMMENTS = YES;
				CLANG_WARN_EMPTY_BODY = YES;
				CLANG_WARN_ENUM_CONVERSION = YES;
				CLANG_WARN_INFINITE_RECURSION = YES;
				CLANG_WARN_INT_CONVERSION = YES;
				CLANG_WARN_NON_LITERAL_NULL_CONVERSION = YES;
				CLANG_WARN_OBJC_IMPLICIT_RETAIN_SELF = YES;
				CLANG_WARN_OBJC_LITERAL_CONVERSION = YES;
				CLANG_WARN_OBJC_ROOT_CLASS = YES_ERROR;
				CLANG_WARN_QUOTED_INCLUDE_IN_FRAMEWORK_HEADER = YES;
				CLANG_WARN_RANGE_LOOP_ANALYSIS = YES;
				CLANG_WARN_STRICT_PROTOTYPES = YES;
				CLANG_WARN_SUSPICIOUS_MOVE = YES;
				CLANG_WARN_UNGUARDED_AVAILABILITY = YES_AGGRESSIVE;
				CLANG_WARN_UNREACHABLE_CODE = YES;
				CLANG_WARN__DUPLICATE_METHOD_MATCH = YES;
				COPY_PHASE_STRIP = NO;
				DEBUG_INFORMATION_FORMAT = dwarf;
				ENABLE_STRICT_OBJC_MSGSEND = YES;
				ENABLE_TESTABILITY = YES;
				ENABLE_USER_SCRIPT_SANDBOXING = YES;
				GCC_C_LANGUAGE_STANDARD = gnu17;
				GCC_DYNAMIC_NO_PIC = NO;
				GCC_NO_COMMON_BLOCKS = YES;
				GCC_OPTIMIZATION_LEVEL = 0;
				GCC_PREPROCESSOR_DEFINITIONS = (
					"DEBUG=1",
					"$(inherited)",
				);
				GCC_WARN_64_TO_32_BIT_CONVERSION = YES;
				GCC_WARN_ABOUT_RETURN_TYPE = YES_ERROR;
				GCC_WARN_UNDECLARED_SELECTOR = YES;
				GCC_WARN_UNINITIALIZED_AUTOS = YES_AGGRESSIVE;
				GCC_WARN_UNUSED_FUNCTION = YES;
				GCC_WARN_UNUSED_VARIABLE = YES;
				IPHONEOS_DEPLOYMENT_TARGET = 17.2;
				LOCALIZATION_PREFERS_STRING_CATALOGS = YES;
				MTL_ENABLE_DEBUG_INFO = INCLUDE_SOURCE;
				MTL_FAST_MATH = YES;
				ONLY_ACTIVE_ARCH = YES;
				SDKROOT = iphoneos;
				SWIFT_ACTIVE_COMPILATION_CONDITIONS = "DEBUG $(inherited)";
				SWIFT_OPTIMIZATION_LEVEL = "-Onone";
			};
			name = Debug;
		};
		79F7D67C2C0101E7003EB6BC /* Release */ = {
			isa = XCBuildConfiguration;
			buildSettings = {
				ALWAYS_SEARCH_USER_PATHS = NO;
				ASSETCATALOG_COMPILER_GENERATE_SWIFT_ASSET_SYMBOL_EXTENSIONS = YES;
				CLANG_ANALYZER_NONNULL = YES;
				CLANG_ANALYZER_NUMBER_OBJECT_CONVERSION = YES_AGGRESSIVE;
				CLANG_CXX_LANGUAGE_STANDARD = "gnu++20";
				CLANG_ENABLE_MODULES = YES;
				CLANG_ENABLE_OBJC_ARC = YES;
				CLANG_ENABLE_OBJC_WEAK = YES;
				CLANG_WARN_BLOCK_CAPTURE_AUTORELEASING = YES;
				CLANG_WARN_BOOL_CONVERSION = YES;
				CLANG_WARN_COMMA = YES;
				CLANG_WARN_CONSTANT_CONVERSION = YES;
				CLANG_WARN_DEPRECATED_OBJC_IMPLEMENTATIONS = YES;
				CLANG_WARN_DIRECT_OBJC_ISA_USAGE = YES_ERROR;
				CLANG_WARN_DOCUMENTATION_COMMENTS = YES;
				CLANG_WARN_EMPTY_BODY = YES;
				CLANG_WARN_ENUM_CONVERSION = YES;
				CLANG_WARN_INFINITE_RECURSION = YES;
				CLANG_WARN_INT_CONVERSION = YES;
				CLANG_WARN_NON_LITERAL_NULL_CONVERSION = YES;
				CLANG_WARN_OBJC_IMPLICIT_RETAIN_SELF = YES;
				CLANG_WARN_OBJC_LITERAL_CONVERSION = YES;
				CLANG_WARN_OBJC_ROOT_CLASS = YES_ERROR;
				CLANG_WARN_QUOTED_INCLUDE_IN_FRAMEWORK_HEADER = YES;
				CLANG_WARN_RANGE_LOOP_ANALYSIS = YES;
				CLANG_WARN_STRICT_PROTOTYPES = YES;
				CLANG_WARN_SUSPICIOUS_MOVE = YES;
				CLANG_WARN_UNGUARDED_AVAILABILITY = YES_AGGRESSIVE;
				CLANG_WARN_UNREACHABLE_CODE = YES;
				CLANG_WARN__DUPLICATE_METHOD_MATCH = YES;
				COPY_PHASE_STRIP = NO;
				DEBUG_INFORMATION_FORMAT = "dwarf-with-dsym";
				ENABLE_NS_ASSERTIONS = NO;
				ENABLE_STRICT_OBJC_MSGSEND = YES;
				ENABLE_USER_SCRIPT_SANDBOXING = YES;
				GCC_C_LANGUAGE_STANDARD = gnu17;
				GCC_NO_COMMON_BLOCKS = YES;
				GCC_WARN_64_TO_32_BIT_CONVERSION = YES;
				GCC_WARN_ABOUT_RETURN_TYPE = YES_ERROR;
				GCC_WARN_UNDECLARED_SELECTOR = YES;
				GCC_WARN_UNINITIALIZED_AUTOS = YES_AGGRESSIVE;
				GCC_WARN_UNUSED_FUNCTION = YES;
				GCC_WARN_UNUSED_VARIABLE = YES;
				IPHONEOS_DEPLOYMENT_TARGET = 17.2;
				LOCALIZATION_PREFERS_STRING_CATALOGS = YES;
				MTL_ENABLE_DEBUG_INFO = NO;
				MTL_FAST_MATH = YES;
				SDKROOT = iphoneos;
				SWIFT_COMPILATION_MODE = wholemodule;
				VALIDATE_PRODUCT = YES;
			};
			name = Release;
		};
		79F7D67E2C0101E7003EB6BC /* Debug */ = {
			isa = XCBuildConfiguration;
			buildSettings = {
				ASSETCATALOG_COMPILER_APPICON_NAME = AppIcon;
				ASSETCATALOG_COMPILER_GLOBAL_ACCENT_COLOR_NAME = AccentColor;
				CODE_SIGN_STYLE = Automatic;
				CURRENT_PROJECT_VERSION = 1;
				DEVELOPMENT_ASSET_PATHS = "\"BonD/Preview Content\"";
				DEVELOPMENT_TEAM = P7TRZ5Z7TU;
				ENABLE_PREVIEWS = YES;
				GENERATE_INFOPLIST_FILE = YES;
				INFOPLIST_KEY_UIApplicationSceneManifest_Generation = YES;
				INFOPLIST_KEY_UIApplicationSupportsIndirectInputEvents = YES;
				INFOPLIST_KEY_UILaunchScreen_Generation = YES;
				INFOPLIST_KEY_UISupportedInterfaceOrientations_iPad = "UIInterfaceOrientationPortrait UIInterfaceOrientationPortraitUpsideDown UIInterfaceOrientationLandscapeLeft UIInterfaceOrientationLandscapeRight";
				INFOPLIST_KEY_UISupportedInterfaceOrientations_iPhone = "UIInterfaceOrientationPortrait UIInterfaceOrientationLandscapeLeft UIInterfaceOrientationLandscapeRight";
				LD_RUNPATH_SEARCH_PATHS = (
					"$(inherited)",
					"@executable_path/Frameworks",
				);
				MARKETING_VERSION = 1.0;
				PRODUCT_BUNDLE_IDENTIFIER = ca.anshengzhou.BonD;
				PRODUCT_NAME = "$(TARGET_NAME)";
				SWIFT_EMIT_LOC_STRINGS = YES;
				SWIFT_VERSION = 5.0;
				TARGETED_DEVICE_FAMILY = "1,2";
			};
			name = Debug;
		};
		79F7D67F2C0101E7003EB6BC /* Release */ = {
			isa = XCBuildConfiguration;
			buildSettings = {
				ASSETCATALOG_COMPILER_APPICON_NAME = AppIcon;
				ASSETCATALOG_COMPILER_GLOBAL_ACCENT_COLOR_NAME = AccentColor;
				CODE_SIGN_STYLE = Automatic;
				CURRENT_PROJECT_VERSION = 1;
				DEVELOPMENT_ASSET_PATHS = "\"BonD/Preview Content\"";
				DEVELOPMENT_TEAM = P7TRZ5Z7TU;
				ENABLE_PREVIEWS = YES;
				GENERATE_INFOPLIST_FILE = YES;
				INFOPLIST_KEY_UIApplicationSceneManifest_Generation = YES;
				INFOPLIST_KEY_UIApplicationSupportsIndirectInputEvents = YES;
				INFOPLIST_KEY_UILaunchScreen_Generation = YES;
				INFOPLIST_KEY_UISupportedInterfaceOrientations_iPad = "UIInterfaceOrientationPortrait UIInterfaceOrientationPortraitUpsideDown UIInterfaceOrientationLandscapeLeft UIInterfaceOrientationLandscapeRight";
				INFOPLIST_KEY_UISupportedInterfaceOrientations_iPhone = "UIInterfaceOrientationPortrait UIInterfaceOrientationLandscapeLeft UIInterfaceOrientationLandscapeRight";
				LD_RUNPATH_SEARCH_PATHS = (
					"$(inherited)",
					"@executable_path/Frameworks",
				);
				MARKETING_VERSION = 1.0;
				PRODUCT_BUNDLE_IDENTIFIER = ca.anshengzhou.BonD;
				PRODUCT_NAME = "$(TARGET_NAME)";
				SWIFT_EMIT_LOC_STRINGS = YES;
				SWIFT_VERSION = 5.0;
				TARGETED_DEVICE_FAMILY = "1,2";
			};
			name = Release;
		};
/* End XCBuildConfiguration section */

/* Begin XCConfigurationList section */
		79F7D66A2C0101E6003EB6BC /* Build configuration list for PBXProject "BonD" */ = {
			isa = XCConfigurationList;
			buildConfigurations = (
				79F7D67B2C0101E7003EB6BC /* Debug */,
				79F7D67C2C0101E7003EB6BC /* Release */,
			);
			defaultConfigurationIsVisible = 0;
			defaultConfigurationName = Release;
		};
		79F7D67D2C0101E7003EB6BC /* Build configuration list for PBXNativeTarget "BonD" */ = {
			isa = XCConfigurationList;
			buildConfigurations = (
				79F7D67E2C0101E7003EB6BC /* Debug */,
				79F7D67F2C0101E7003EB6BC /* Release */,
			);
			defaultConfigurationIsVisible = 0;
			defaultConfigurationName = Release;
		};
/* End XCConfigurationList section */

/* Begin XCRemoteSwiftPackageReference section */
		794DEE5E2C138C9C00B3B089 /* XCRemoteSwiftPackageReference "supabase-swift" */ = {
			isa = XCRemoteSwiftPackageReference;
			repositoryURL = "https://github.com/supabase-community/supabase-swift";
			requirement = {
				kind = upToNextMajorVersion;
				minimumVersion = 2.5.1;
			};
		};
/* End XCRemoteSwiftPackageReference section */

/* Begin XCSwiftPackageProductDependency section */
		790F98232C1932E200341502 /* Auth */ = {
			isa = XCSwiftPackageProductDependency;
			package = 794DEE5E2C138C9C00B3B089 /* XCRemoteSwiftPackageReference "supabase-swift" */;
			productName = Auth;
		};
		790F98252C1932E200341502 /* Functions */ = {
			isa = XCSwiftPackageProductDependency;
			package = 794DEE5E2C138C9C00B3B089 /* XCRemoteSwiftPackageReference "supabase-swift" */;
			productName = Functions;
		};
		790F98272C1932E200341502 /* PostgREST */ = {
			isa = XCSwiftPackageProductDependency;
			package = 794DEE5E2C138C9C00B3B089 /* XCRemoteSwiftPackageReference "supabase-swift" */;
			productName = PostgREST;
		};
		790F98292C1932E200341502 /* Realtime */ = {
			isa = XCSwiftPackageProductDependency;
			package = 794DEE5E2C138C9C00B3B089 /* XCRemoteSwiftPackageReference "supabase-swift" */;
			productName = Realtime;
		};
		790F982B2C1932E200341502 /* Storage */ = {
			isa = XCSwiftPackageProductDependency;
			package = 794DEE5E2C138C9C00B3B089 /* XCRemoteSwiftPackageReference "supabase-swift" */;
			productName = Storage;
		};
		790F982D2C1932E200341502 /* Supabase */ = {
			isa = XCSwiftPackageProductDependency;
			package = 794DEE5E2C138C9C00B3B089 /* XCRemoteSwiftPackageReference "supabase-swift" */;
			productName = Supabase;
		};
		7935B8862C19338F00181CA9 /* Auth */ = {
			isa = XCSwiftPackageProductDependency;
			package = 794DEE5E2C138C9C00B3B089 /* XCRemoteSwiftPackageReference "supabase-swift" */;
			productName = Auth;
		};
		7935B8882C19338F00181CA9 /* Functions */ = {
			isa = XCSwiftPackageProductDependency;
			package = 794DEE5E2C138C9C00B3B089 /* XCRemoteSwiftPackageReference "supabase-swift" */;
			productName = Functions;
		};
		7935B88A2C19338F00181CA9 /* PostgREST */ = {
			isa = XCSwiftPackageProductDependency;
			package = 794DEE5E2C138C9C00B3B089 /* XCRemoteSwiftPackageReference "supabase-swift" */;
			productName = PostgREST;
		};
		7935B88C2C19338F00181CA9 /* Realtime */ = {
			isa = XCSwiftPackageProductDependency;
			package = 794DEE5E2C138C9C00B3B089 /* XCRemoteSwiftPackageReference "supabase-swift" */;
			productName = Realtime;
		};
		7935B88E2C19338F00181CA9 /* Storage */ = {
			isa = XCSwiftPackageProductDependency;
			package = 794DEE5E2C138C9C00B3B089 /* XCRemoteSwiftPackageReference "supabase-swift" */;
			productName = Storage;
		};
		7935B8902C19338F00181CA9 /* Supabase */ = {
			isa = XCSwiftPackageProductDependency;
			package = 794DEE5E2C138C9C00B3B089 /* XCRemoteSwiftPackageReference "supabase-swift" */;
			productName = Supabase;
		};
		794DEE5F2C138C9C00B3B089 /* Auth */ = {
			isa = XCSwiftPackageProductDependency;
			package = 794DEE5E2C138C9C00B3B089 /* XCRemoteSwiftPackageReference "supabase-swift" */;
			productName = Auth;
		};
		794DEE612C138C9C00B3B089 /* Functions */ = {
			isa = XCSwiftPackageProductDependency;
			package = 794DEE5E2C138C9C00B3B089 /* XCRemoteSwiftPackageReference "supabase-swift" */;
			productName = Functions;
		};
		794DEE632C138C9C00B3B089 /* PostgREST */ = {
			isa = XCSwiftPackageProductDependency;
			package = 794DEE5E2C138C9C00B3B089 /* XCRemoteSwiftPackageReference "supabase-swift" */;
			productName = PostgREST;
		};
		794DEE652C138C9C00B3B089 /* Realtime */ = {
			isa = XCSwiftPackageProductDependency;
			package = 794DEE5E2C138C9C00B3B089 /* XCRemoteSwiftPackageReference "supabase-swift" */;
			productName = Realtime;
		};
		794DEE672C138C9C00B3B089 /* Storage */ = {
			isa = XCSwiftPackageProductDependency;
			package = 794DEE5E2C138C9C00B3B089 /* XCRemoteSwiftPackageReference "supabase-swift" */;
			productName = Storage;
		};
		794DEE692C138C9C00B3B089 /* Supabase */ = {
			isa = XCSwiftPackageProductDependency;
			package = 794DEE5E2C138C9C00B3B089 /* XCRemoteSwiftPackageReference "supabase-swift" */;
			productName = Supabase;
		};
/* End XCSwiftPackageProductDependency section */
	};
	rootObject = 79F7D6672C0101E6003EB6BC /* Project object */;
}
